
Microsoft Visual Studio Solution File, Format Version 12.00
# Visual Studio Version 17
VisualStudioVersion = 17.5.33424.131
MinimumVisualStudioVersion = 10.0.40219.1
Project("{FAE04EC0-301F-11D3-BF4B-00C04F79EFBC}") = "Aud6", "Aud6\Aud6.csproj", "{04BC1EC8-37EC-49B6-8C9D-A4A2B8D94C1C}"
EndProject
Global
	GlobalSection(SolutionConfigurationPlatforms) = preSolution
		Debug|Any CPU = Debug|Any CPU
		Release|Any CPU = Release|Any CPU
	EndGlobalSection
	GlobalSection(ProjectConfigurationPlatforms) = postSolution
		{04BC1EC8-37EC-49B6-8C9D-A4A2B8D94C1C}.Debug|Any CPU.ActiveCfg = Debug|Any CPU
		{04BC1EC8-37EC-49B6-8C9D-A4A2B8D94C1C}.Debug|Any CPU.Build.0 = Debug|Any CPU
		{04BC1EC8-37EC-49B6-8C9D-A4A2B8D94C1C}.Release|Any CPU.ActiveCfg = Release|Any CPU
		{04BC1EC8-37EC-49B6-8C9D-A4A2B8D94C1C}.Release|Any CPU.Build.0 = Release|Any CPU
	EndGlobalSection
	GlobalSection(SolutionProperties) = preSolution
		HideSolutionNode = FALSE
	EndGlobalSection
	GlobalSection(ExtensibilityGlobals) = postSolution
		SolutionGuid = {421D5AA6-8A3A-4A4D-8B9B-40869BDD492F}
	EndGlobalSection
EndGlobal
