
Microsoft Visual Studio Solution File, Format Version 12.00
# Visual Studio Version 17
VisualStudioVersion = 17.5.33424.131
MinimumVisualStudioVersion = 10.0.40219.1
Project("{FAE04EC0-301F-11D3-BF4B-00C04F79EFBC}") = "Aud10", "Aud10\Aud10.csproj", "{454BA486-F36B-4D70-A537-6A1280F29779}"
EndProject
Global
	GlobalSection(SolutionConfigurationPlatforms) = preSolution
		Debug|Any CPU = Debug|Any CPU
		Release|Any CPU = Release|Any CPU
	EndGlobalSection
	GlobalSection(ProjectConfigurationPlatforms) = postSolution
		{454BA486-F36B-4D70-A537-6A1280F29779}.Debug|Any CPU.ActiveCfg = Debug|Any CPU
		{454BA486-F36B-4D70-A537-6A1280F29779}.Debug|Any CPU.Build.0 = Debug|Any CPU
		{454BA486-F36B-4D70-A537-6A1280F29779}.Release|Any CPU.ActiveCfg = Release|Any CPU
		{454BA486-F36B-4D70-A537-6A1280F29779}.Release|Any CPU.Build.0 = Release|Any CPU
	EndGlobalSection
	GlobalSection(SolutionProperties) = preSolution
		HideSolutionNode = FALSE
	EndGlobalSection
	GlobalSection(ExtensibilityGlobals) = postSolution
		SolutionGuid = {0794D5BA-F121-46FB-BB88-09704561CF8F}
	EndGlobalSection
EndGlobal
